
Microsoft Visual Studio Solution File, Format Version 12.00
# Visual Studio 15
Project("{FAE04EC0-301F-11D3-BF4B-00C04F79EFBC}") = "Assembly-CSharp", "Assembly-CSharp.csproj", "{688CD7F0-55A3-E602-9FFA-C6EF1A5A7865}"
EndProject
Project("{FAE04EC0-301F-11D3-BF4B-00C04F79EFBC}") = "Assembly-CSharp-Editor", "Assembly-CSharp-Editor.csproj", "{DD4BA41B-381F-B775-3C4E-FB4DA408FA92}"
EndProject
Global
	GlobalSection(SolutionConfigurationPlatforms) = preSolution
		Debug|Any CPU = Debug|Any CPU
		Release|Any CPU = Release|Any CPU
	EndGlobalSection
	GlobalSection(ProjectConfigurationPlatforms) = postSolution
		{688CD7F0-55A3-E602-9FFA-C6EF1A5A7865}.Debug|Any CPU.ActiveCfg = Debug|Any CPU
		{688CD7F0-55A3-E602-9FFA-C6EF1A5A7865}.Debug|Any CPU.Build.0 = Debug|Any CPU
		{688CD7F0-55A3-E602-9FFA-C6EF1A5A7865}.Release|Any CPU.ActiveCfg = Release|Any CPU
		{688CD7F0-55A3-E602-9FFA-C6EF1A5A7865}.Release|Any CPU.Build.0 = Release|Any CPU
		{DD4BA41B-381F-B775-3C4E-FB4DA408FA92}.Debug|Any CPU.ActiveCfg = Debug|Any CPU
		{DD4BA41B-381F-B775-3C4E-FB4DA408FA92}.Debug|Any CPU.Build.0 = Debug|Any CPU
		{DD4BA41B-381F-B775-3C4E-FB4DA408FA92}.Release|Any CPU.ActiveCfg = Release|Any CPU
		{DD4BA41B-381F-B775-3C4E-FB4DA408FA92}.Release|Any CPU.Build.0 = Release|Any CPU
	EndGlobalSection
	GlobalSection(SolutionProperties) = preSolution
		HideSolutionNode = FALSE
	EndGlobalSection
EndGlobal
